
Microsoft Visual Studio Solution File, Format Version 12.00
# Visual Studio Version 17
VisualStudioVersion = 17.5.33424.131
MinimumVisualStudioVersion = 10.0.40219.1
Project("{2150E333-8FDC-42A3-9474-1A3956D46DE8}") = "src", "src", "{A508EF7F-747C-4270-99D6-BCF41264B2F7}"
EndProject
Project("{2150E333-8FDC-42A3-9474-1A3956D46DE8}") = "tests", "tests", "{776C715F-0099-4724-9CEF-B16C28FAEF20}"
EndProject
Project("{9A19103F-16F7-4668-BE54-9A1E7A4F7556}") = "ECommerceApp.Application", "src\ECommerceApp.Application\ECommerceApp.Application.csproj", "{984FF165-09DC-48D7-AEEA-AD33F9F5BF3D}"
EndProject
Project("{9A19103F-16F7-4668-BE54-9A1E7A4F7556}") = "ECommerceApp.Core", "src\ECommerceApp.Core\ECommerceApp.Core.csproj", "{0CF9AF38-1AA5-4B99-B228-1BC738D40760}"
EndProject
Project("{9A19103F-16F7-4668-BE54-9A1E7A4F7556}") = "ECommerceApp.Infrastructure", "src\ECommerceApp.Infrastructure\ECommerceApp.Infrastructure.csproj", "{9EEFC4BD-110F-48F6-A14E-9E0225E19C6A}"
EndProject
Project("{9A19103F-16F7-4668-BE54-9A1E7A4F7556}") = "ECommerceApp.WebUI", "src\ECommerceApp.WebUI\ECommerceApp.WebUI.csproj", "{96C59921-592A-42F7-B903-50F7710A411B}"
EndProject
Project("{9A19103F-16F7-4668-BE54-9A1E7A4F7556}") = "WebUI.Test", "tests\WebUI.Test\WebUI.Test.csproj", "{BA83CB04-1DA4-4595-A03F-93E6AA9D571F}"
EndProject
Project("{E53339B2-1760-4266-BCC7-CA923CBCF16C}") = "docker-compose", "docker-compose.dcproj", "{7DAEDEDF-F174-49A8-88CD-CC0168EC5B9C}"
EndProject
Global
	GlobalSection(SolutionConfigurationPlatforms) = preSolution
		Debug|Any CPU = Debug|Any CPU
		Release|Any CPU = Release|Any CPU
	EndGlobalSection
	GlobalSection(ProjectConfigurationPlatforms) = postSolution
		{984FF165-09DC-48D7-AEEA-AD33F9F5BF3D}.Debug|Any CPU.ActiveCfg = Debug|Any CPU
		{984FF165-09DC-48D7-AEEA-AD33F9F5BF3D}.Debug|Any CPU.Build.0 = Debug|Any CPU
		{984FF165-09DC-48D7-AEEA-AD33F9F5BF3D}.Release|Any CPU.ActiveCfg = Release|Any CPU
		{984FF165-09DC-48D7-AEEA-AD33F9F5BF3D}.Release|Any CPU.Build.0 = Release|Any CPU
		{0CF9AF38-1AA5-4B99-B228-1BC738D40760}.Debug|Any CPU.ActiveCfg = Debug|Any CPU
		{0CF9AF38-1AA5-4B99-B228-1BC738D40760}.Debug|Any CPU.Build.0 = Debug|Any CPU
		{0CF9AF38-1AA5-4B99-B228-1BC738D40760}.Release|Any CPU.ActiveCfg = Release|Any CPU
		{0CF9AF38-1AA5-4B99-B228-1BC738D40760}.Release|Any CPU.Build.0 = Release|Any CPU
		{9EEFC4BD-110F-48F6-A14E-9E0225E19C6A}.Debug|Any CPU.ActiveCfg = Debug|Any CPU
		{9EEFC4BD-110F-48F6-A14E-9E0225E19C6A}.Debug|Any CPU.Build.0 = Debug|Any CPU
		{9EEFC4BD-110F-48F6-A14E-9E0225E19C6A}.Release|Any CPU.ActiveCfg = Release|Any CPU
		{9EEFC4BD-110F-48F6-A14E-9E0225E19C6A}.Release|Any CPU.Build.0 = Release|Any CPU
		{96C59921-592A-42F7-B903-50F7710A411B}.Debug|Any CPU.ActiveCfg = Debug|Any CPU
		{96C59921-592A-42F7-B903-50F7710A411B}.Debug|Any CPU.Build.0 = Debug|Any CPU
		{96C59921-592A-42F7-B903-50F7710A411B}.Release|Any CPU.ActiveCfg = Release|Any CPU
		{96C59921-592A-42F7-B903-50F7710A411B}.Release|Any CPU.Build.0 = Release|Any CPU
		{BA83CB04-1DA4-4595-A03F-93E6AA9D571F}.Debug|Any CPU.ActiveCfg = Debug|Any CPU
		{BA83CB04-1DA4-4595-A03F-93E6AA9D571F}.Debug|Any CPU.Build.0 = Debug|Any CPU
		{BA83CB04-1DA4-4595-A03F-93E6AA9D571F}.Release|Any CPU.ActiveCfg = Release|Any CPU
		{BA83CB04-1DA4-4595-A03F-93E6AA9D571F}.Release|Any CPU.Build.0 = Release|Any CPU
		{7DAEDEDF-F174-49A8-88CD-CC0168EC5B9C}.Debug|Any CPU.ActiveCfg = Debug|Any CPU
		{7DAEDEDF-F174-49A8-88CD-CC0168EC5B9C}.Debug|Any CPU.Build.0 = Debug|Any CPU
		{7DAEDEDF-F174-49A8-88CD-CC0168EC5B9C}.Release|Any CPU.ActiveCfg = Release|Any CPU
		{7DAEDEDF-F174-49A8-88CD-CC0168EC5B9C}.Release|Any CPU.Build.0 = Release|Any CPU
	EndGlobalSection
	GlobalSection(SolutionProperties) = preSolution
		HideSolutionNode = FALSE
	EndGlobalSection
	GlobalSection(NestedProjects) = preSolution
		{984FF165-09DC-48D7-AEEA-AD33F9F5BF3D} = {A508EF7F-747C-4270-99D6-BCF41264B2F7}
		{0CF9AF38-1AA5-4B99-B228-1BC738D40760} = {A508EF7F-747C-4270-99D6-BCF41264B2F7}
		{9EEFC4BD-110F-48F6-A14E-9E0225E19C6A} = {A508EF7F-747C-4270-99D6-BCF41264B2F7}
		{96C59921-592A-42F7-B903-50F7710A411B} = {A508EF7F-747C-4270-99D6-BCF41264B2F7}
		{BA83CB04-1DA4-4595-A03F-93E6AA9D571F} = {776C715F-0099-4724-9CEF-B16C28FAEF20}
	EndGlobalSection
	GlobalSection(ExtensibilityGlobals) = postSolution
		SolutionGuid = {8A76785E-9068-4F92-99FB-31590CF7282F}
	EndGlobalSection
EndGlobal
